// !$*UTF8*$!
{
	archiveVersion = 1;
	classes = {
	};
	objectVersion = 46;
	objects = {

/* Begin PBXBuildFile section */
		5230B581198A0A8D00C89926 /* Foundation.framework in Frameworks */ = {isa = PBXBuildFile; fileRef = 5230B580198A0A8D00C89926 /* Foundation.framework */; };
		5230B583198A0A8D00C89926 /* CoreGraphics.framework in Frameworks */ = {isa = PBXBuildFile; fileRef = 5230B582198A0A8D00C89926 /* CoreGraphics.framework */; };
		5230B585198A0A8D00C89926 /* UIKit.framework in Frameworks */ = {isa = PBXBuildFile; fileRef = 5230B584198A0A8D00C89926 /* UIKit.framework */; };
		5230B58B198A0A8E00C89926 /* InfoPlist.strings in Resources */ = {isa = PBXBuildFile; fileRef = 5230B589198A0A8E00C89926 /* InfoPlist.strings */; };
		5230B58D198A0A8E00C89926 /* main.m in Sources */ = {isa = PBXBuildFile; fileRef = 5230B58C198A0A8E00C89926 /* main.m */; };
		5230B591198A0A8E00C89926 /* AppDelegate.m in Sources */ = {isa = PBXBuildFile; fileRef = 5230B590198A0A8E00C89926 /* AppDelegate.m */; };
		5230B593198A0A8E00C89926 /* Images.xcassets in Resources */ = {isa = PBXBuildFile; fileRef = 5230B592198A0A8E00C89926 /* Images.xcassets */; };
		5230B59A198A0A8E00C89926 /* XCTest.framework in Frameworks */ = {isa = PBXBuildFile; fileRef = 5230B599198A0A8E00C89926 /* XCTest.framework */; };
		5230B59B198A0A8E00C89926 /* Foundation.framework in Frameworks */ = {isa = PBXBuildFile; fileRef = 5230B580198A0A8D00C89926 /* Foundation.framework */; };
		5230B59C198A0A8E00C89926 /* UIKit.framework in Frameworks */ = {isa = PBXBuildFile; fileRef = 5230B584198A0A8D00C89926 /* UIKit.framework */; };
		5230B5A4198A0A8E00C89926 /* InfoPlist.strings in Resources */ = {isa = PBXBuildFile; fileRef = 5230B5A2198A0A8E00C89926 /* InfoPlist.strings */; };
		5230B5A6198A0A8E00C89926 /* MyCollectTests.m in Sources */ = {isa = PBXBuildFile; fileRef = 5230B5A5198A0A8E00C89926 /* MyCollectTests.m */; };
		5230B5B1198A0D8B00C89926 /* XFTMyCollectViewController.m in Sources */ = {isa = PBXBuildFile; fileRef = 5230B5B0198A0D8B00C89926 /* XFTMyCollectViewController.m */; };
		5230B5B4198A0E2200C89926 /* XFTMyCollectCell.m in Sources */ = {isa = PBXBuildFile; fileRef = 5230B5B3198A0E2200C89926 /* XFTMyCollectCell.m */; };
		5230B5B7198A1A3E00C89926 /* XFTCustomLabel.m in Sources */ = {isa = PBXBuildFile; fileRef = 5230B5B6198A1A3E00C89926 /* XFTCustomLabel.m */; };
		5230B5BA198A1F6E00C89926 /* UILabel+CalHeight.m in Sources */ = {isa = PBXBuildFile; fileRef = 5230B5B9198A1F6E00C89926 /* UILabel+CalHeight.m */; };
		5230B5BE198A2E4A00C89926 /* XFTCollectModel.m in Sources */ = {isa = PBXBuildFile; fileRef = 5230B5BD198A2E4A00C89926 /* XFTCollectModel.m */; };
		5230B5C3198A388700C89926 /* photo@2x.png in Resources */ = {isa = PBXBuildFile; fileRef = 5230B5C2198A388700C89926 /* photo@2x.png */; };
		5230B5C7198A414A00C89926 /* picture@2x.png in Resources */ = {isa = PBXBuildFile; fileRef = 5230B5C6198A414A00C89926 /* picture@2x.png */; };
		5230B5CC198A47A300C89926 /* playImage@2x.png in Resources */ = {isa = PBXBuildFile; fileRef = 5230B5CA198A47A300C89926 /* playImage@2x.png */; };
		5230B5CD198A47A300C89926 /* mapImage@2x.png in Resources */ = {isa = PBXBuildFile; fileRef = 5230B5CB198A47A300C89926 /* mapImage@2x.png */; };
		5230B5D1198A483700C89926 /* chat_message_other@2x.png in Resources */ = {isa = PBXBuildFile; fileRef = 5230B5D0198A483700C89926 /* chat_message_other@2x.png */; };
		5230B5D3198A56AD00C89926 /* bottleReceiverVoiceNodePlaying@2x.png in Resources */ = {isa = PBXBuildFile; fileRef = 5230B5D2198A56AD00C89926 /* bottleReceiverVoiceNodePlaying@2x.png */; };
		5245420A1990673600D4E8EE /* XFTTagWriteView.m in Sources */ = {isa = PBXBuildFile; fileRef = 524542091990673600D4E8EE /* XFTTagWriteView.m */; };
		5245420D199072A200D4E8EE /* MyLayer.m in Sources */ = {isa = PBXBuildFile; fileRef = 5245420C199072A200D4E8EE /* MyLayer.m */; };
		524542101990795E00D4E8EE /* NSString+CalWidth.m in Sources */ = {isa = PBXBuildFile; fileRef = 5245420F1990795E00D4E8EE /* NSString+CalWidth.m */; };
		52ABAC7E198F2E2300CF1C7D /* 1@2x.png in Resources */ = {isa = PBXBuildFile; fileRef = 52ABAC79198F2E2300CF1C7D /* 1@2x.png */; };
		52ABAC7F198F2E2300CF1C7D /* 2@2x.png in Resources */ = {isa = PBXBuildFile; fileRef = 52ABAC7A198F2E2300CF1C7D /* 2@2x.png */; };
		52ABAC80198F2E2300CF1C7D /* 3@2x.png in Resources */ = {isa = PBXBuildFile; fileRef = 52ABAC7B198F2E2300CF1C7D /* 3@2x.png */; };
		52ABAC81198F2E2300CF1C7D /* 4@2x.png in Resources */ = {isa = PBXBuildFile; fileRef = 52ABAC7C198F2E2300CF1C7D /* 4@2x.png */; };
		52ABAC82198F2E2300CF1C7D /* 5@2x.png in Resources */ = {isa = PBXBuildFile; fileRef = 52ABAC7D198F2E2300CF1C7D /* 5@2x.png */; };
		52ABAC87198F2EDE00CF1C7D /* 8@2x.png in Resources */ = {isa = PBXBuildFile; fileRef = 52ABAC83198F2EDE00CF1C7D /* 8@2x.png */; };
		52ABAC88198F2EDE00CF1C7D /* 9@2x.png in Resources */ = {isa = PBXBuildFile; fileRef = 52ABAC84198F2EDE00CF1C7D /* 9@2x.png */; };
		52ABAC89198F2EDE00CF1C7D /* 6@2x.png in Resources */ = {isa = PBXBuildFile; fileRef = 52ABAC85198F2EDE00CF1C7D /* 6@2x.png */; };
		52ABAC8A198F2EDE00CF1C7D /* 7@2x.png in Resources */ = {isa = PBXBuildFile; fileRef = 52ABAC86198F2EDE00CF1C7D /* 7@2x.png */; };
		52ABAC8D198F358A00CF1C7D /* UIImage+CalHeight.m in Sources */ = {isa = PBXBuildFile; fileRef = 52ABAC8C198F358A00CF1C7D /* UIImage+CalHeight.m */; };
		52BCDC7D198B2CCC00C642A5 /* XFTTextCell.m in Sources */ = {isa = PBXBuildFile; fileRef = 52BCDC7C198B2CCC00C642A5 /* XFTTextCell.m */; };
		52BCDC80198B2D0600C642A5 /* XFTPictureCell.m in Sources */ = {isa = PBXBuildFile; fileRef = 52BCDC7F198B2D0600C642A5 /* XFTPictureCell.m */; };
		52BCDC83198B2D1A00C642A5 /* XFTVideoCell.m in Sources */ = {isa = PBXBuildFile; fileRef = 52BCDC82198B2D1A00C642A5 /* XFTVideoCell.m */; };
		52BCDC86198B2D2900C642A5 /* XFTVoiceCell.m in Sources */ = {isa = PBXBuildFile; fileRef = 52BCDC85198B2D2900C642A5 /* XFTVoiceCell.m */; };
		52BCDC89198B2D4000C642A5 /* XFTLocationCell.m in Sources */ = {isa = PBXBuildFile; fileRef = 52BCDC88198B2D4000C642A5 /* XFTLocationCell.m */; };
		52D1390E198F82F700E2786F /* XFTAddTagViewController.m in Sources */ = {isa = PBXBuildFile; fileRef = 52D1390D198F82F700E2786F /* XFTAddTagViewController.m */; };
		52D13911198F97DA00E2786F /* HKKTagWriteView.m in Sources */ = {isa = PBXBuildFile; fileRef = 52D13910198F97DA00E2786F /* HKKTagWriteView.m */; };
		52D74A0F198B6AF600220631 /* NSString+CalHeight.m in Sources */ = {isa = PBXBuildFile; fileRef = 52D74A0E198B6AF600220631 /* NSString+CalHeight.m */; };
		52D74A18198B79A200220631 /* DNSSwipeableCell.m in Sources */ = {isa = PBXBuildFile; fileRef = 52D74A17198B79A200220631 /* DNSSwipeableCell.m */; };
		A224A777198E052400DA6FE5 /* Action_Alias@2x.png in Resources */ = {isa = PBXBuildFile; fileRef = A224A776198E052400DA6FE5 /* Action_Alias@2x.png */; };
		A224A779198E101D00DA6FE5 /* 0@2x.png in Resources */ = {isa = PBXBuildFile; fileRef = A224A778198E101D00DA6FE5 /* 0@2x.png */; };
		A2615428198D2E89003A7CE8 /* Fav_detail_voice_pause@2x.png in Resources */ = {isa = PBXBuildFile; fileRef = A2615424198D2E89003A7CE8 /* Fav_detail_voice_pause@2x.png */; };
		A2615429198D2E89003A7CE8 /* Fav_detail_voice_pauseHL@2x.png in Resources */ = {isa = PBXBuildFile; fileRef = A2615425198D2E89003A7CE8 /* Fav_detail_voice_pauseHL@2x.png */; };
		A261542A198D2E89003A7CE8 /* Fav_detail_voice_play@2x.png in Resources */ = {isa = PBXBuildFile; fileRef = A2615426198D2E89003A7CE8 /* Fav_detail_voice_play@2x.png */; };
		A261542B198D2E89003A7CE8 /* Fav_detail_voice_playHL@2x.png in Resources */ = {isa = PBXBuildFile; fileRef = A2615427198D2E89003A7CE8 /* Fav_detail_voice_playHL@2x.png */; };
		A261542D198D3065003A7CE8 /* Fav_Tab_icon@2x.png in Resources */ = {isa = PBXBuildFile; fileRef = A261542C198D3065003A7CE8 /* Fav_Tab_icon@2x.png */; };
		A261542F198D30AC003A7CE8 /* location_tag_icon@2x.png in Resources */ = {isa = PBXBuildFile; fileRef = A261542E198D30AC003A7CE8 /* location_tag_icon@2x.png */; };
		A2615431198D314E003A7CE8 /* VoiceNodePlaying@2x.png in Resources */ = {isa = PBXBuildFile; fileRef = A2615430198D314E003A7CE8 /* VoiceNodePlaying@2x.png */; };
		A2E73ABE198CB1EA009D1797 /* XFTTextViewController.m in Sources */ = {isa = PBXBuildFile; fileRef = A2E73ABD198CB1EA009D1797 /* XFTTextViewController.m */; };
		A2E73AC0198CB2E5009D1797 /* ios7_nav_Image@2x.png in Resources */ = {isa = PBXBuildFile; fileRef = A2E73ABF198CB2E5009D1797 /* ios7_nav_Image@2x.png */; };
		A2E73AC2198CB369009D1797 /* ios6_nav_Image@2x.png in Resources */ = {isa = PBXBuildFile; fileRef = A2E73AC1198CB369009D1797 /* ios6_nav_Image@2x.png */; };
		A2E73AC4198CB74B009D1797 /* back-arrow@2x.png in Resources */ = {isa = PBXBuildFile; fileRef = A2E73AC3198CB74B009D1797 /* back-arrow@2x.png */; };
		A2E73AC7198CBB5A009D1797 /* XFTSuperViewController.m in Sources */ = {isa = PBXBuildFile; fileRef = A2E73AC6198CBB5A009D1797 /* XFTSuperViewController.m */; };
		A2E73AD6198CDE7E009D1797 /* XFTVoiceViewController.m in Sources */ = {isa = PBXBuildFile; fileRef = A2E73AD5198CDE7E009D1797 /* XFTVoiceViewController.m */; };
		A2E73AD9198CDE8E009D1797 /* XFTVideoViewController.m in Sources */ = {isa = PBXBuildFile; fileRef = A2E73AD8198CDE8E009D1797 /* XFTVideoViewController.m */; };
		A2E73ADC198CDE9F009D1797 /* XFTPictureViewController.m in Sources */ = {isa = PBXBuildFile; fileRef = A2E73ADB198CDE9F009D1797 /* XFTPictureViewController.m */; };
		A2E73ADF198CE056009D1797 /* XFTMapViewController.m in Sources */ = {isa = PBXBuildFile; fileRef = A2E73ADE198CE056009D1797 /* XFTMapViewController.m */; };
		A2E73B17198D0C0C009D1797 /* headImage@2x.png in Resources */ = {isa = PBXBuildFile; fileRef = A2E73B16198D0C0C009D1797 /* headImage@2x.png */; };
/* End PBXBuildFile section */

/* Begin PBXContainerItemProxy section */
		5230B59D198A0A8E00C89926 /* PBXContainerItemProxy */ = {
			isa = PBXContainerItemProxy;
			containerPortal = 5230B575198A0A8D00C89926 /* Project object */;
			proxyType = 1;
			remoteGlobalIDString = 5230B57C198A0A8D00C89926;
			remoteInfo = MyCollect;
		};
/* End PBXContainerItemProxy section */

/* Begin PBXFileReference section */
		5230B57D198A0A8D00C89926 /* MyCollect.app */ = {isa = PBXFileReference; explicitFileType = wrapper.application; includeInIndex = 0; path = MyCollect.app; sourceTree = BUILT_PRODUCTS_DIR; };
		5230B580198A0A8D00C89926 /* Foundation.framework */ = {isa = PBXFileReference; lastKnownFileType = wrapper.framework; name = Foundation.framework; path = System/Library/Frameworks/Foundation.framework; sourceTree = SDKROOT; };
		5230B582198A0A8D00C89926 /* CoreGraphics.framework */ = {isa = PBXFileReference; lastKnownFileType = wrapper.framework; name = CoreGraphics.framework; path = System/Library/Frameworks/CoreGraphics.framework; sourceTree = SDKROOT; };
		5230B584198A0A8D00C89926 /* UIKit.framework */ = {isa = PBXFileReference; lastKnownFileType = wrapper.framework; name = UIKit.framework; path = System/Library/Frameworks/UIKit.framework; sourceTree = SDKROOT; };
		5230B588198A0A8E00C89926 /* MyCollect-Info.plist */ = {isa = PBXFileReference; lastKnownFileType = text.plist.xml; path = "MyCollect-Info.plist"; sourceTree = "<group>"; };
		5230B58A198A0A8E00C89926 /* en */ = {isa = PBXFileReference; lastKnownFileType = text.plist.strings; name = en; path = en.lproj/InfoPlist.strings; sourceTree = "<group>"; };
		5230B58C198A0A8E00C89926 /* main.m */ = {isa = PBXFileReference; lastKnownFileType = sourcecode.c.objc; path = main.m; sourceTree = "<group>"; };
		5230B58E198A0A8E00C89926 /* MyCollect-Prefix.pch */ = {isa = PBXFileReference; lastKnownFileType = sourcecode.c.h; path = "MyCollect-Prefix.pch"; sourceTree = "<group>"; };
		5230B58F198A0A8E00C89926 /* AppDelegate.h */ = {isa = PBXFileReference; lastKnownFileType = sourcecode.c.h; path = AppDelegate.h; sourceTree = "<group>"; };
		5230B590198A0A8E00C89926 /* AppDelegate.m */ = {isa = PBXFileReference; lastKnownFileType = sourcecode.c.objc; path = AppDelegate.m; sourceTree = "<group>"; };
		5230B592198A0A8E00C89926 /* Images.xcassets */ = {isa = PBXFileReference; lastKnownFileType = folder.assetcatalog; path = Images.xcassets; sourceTree = "<group>"; };
		5230B598198A0A8E00C89926 /* MyCollectTests.xctest */ = {isa = PBXFileReference; explicitFileType = wrapper.cfbundle; includeInIndex = 0; path = MyCollectTests.xctest; sourceTree = BUILT_PRODUCTS_DIR; };
		5230B599198A0A8E00C89926 /* XCTest.framework */ = {isa = PBXFileReference; lastKnownFileType = wrapper.framework; name = XCTest.framework; path = Library/Frameworks/XCTest.framework; sourceTree = DEVELOPER_DIR; };
		5230B5A1198A0A8E00C89926 /* MyCollectTests-Info.plist */ = {isa = PBXFileReference; lastKnownFileType = text.plist.xml; path = "MyCollectTests-Info.plist"; sourceTree = "<group>"; };
		5230B5A3198A0A8E00C89926 /* en */ = {isa = PBXFileReference; lastKnownFileType = text.plist.strings; name = en; path = en.lproj/InfoPlist.strings; sourceTree = "<group>"; };
		5230B5A5198A0A8E00C89926 /* MyCollectTests.m */ = {isa = PBXFileReference; lastKnownFileType = sourcecode.c.objc; path = MyCollectTests.m; sourceTree = "<group>"; };
		5230B5AF198A0D8B00C89926 /* XFTMyCollectViewController.h */ = {isa = PBXFileReference; fileEncoding = 4; lastKnownFileType = sourcecode.c.h; path = XFTMyCollectViewController.h; sourceTree = "<group>"; };
		5230B5B0198A0D8B00C89926 /* XFTMyCollectViewController.m */ = {isa = PBXFileReference; fileEncoding = 4; lastKnownFileType = sourcecode.c.objc; path = XFTMyCollectViewController.m; sourceTree = "<group>"; };
		5230B5B2198A0E2200C89926 /* XFTMyCollectCell.h */ = {isa = PBXFileReference; fileEncoding = 4; lastKnownFileType = sourcecode.c.h; path = XFTMyCollectCell.h; sourceTree = "<group>"; };
		5230B5B3198A0E2200C89926 /* XFTMyCollectCell.m */ = {isa = PBXFileReference; fileEncoding = 4; lastKnownFileType = sourcecode.c.objc; path = XFTMyCollectCell.m; sourceTree = "<group>"; };
		5230B5B5198A1A3E00C89926 /* XFTCustomLabel.h */ = {isa = PBXFileReference; fileEncoding = 4; lastKnownFileType = sourcecode.c.h; path = XFTCustomLabel.h; sourceTree = "<group>"; };
		5230B5B6198A1A3E00C89926 /* XFTCustomLabel.m */ = {isa = PBXFileReference; fileEncoding = 4; lastKnownFileType = sourcecode.c.objc; path = XFTCustomLabel.m; sourceTree = "<group>"; };
		5230B5B8198A1F6E00C89926 /* UILabel+CalHeight.h */ = {isa = PBXFileReference; fileEncoding = 4; lastKnownFileType = sourcecode.c.h; path = "UILabel+CalHeight.h"; sourceTree = "<group>"; };
		5230B5B9198A1F6E00C89926 /* UILabel+CalHeight.m */ = {isa = PBXFileReference; fileEncoding = 4; lastKnownFileType = sourcecode.c.objc; path = "UILabel+CalHeight.m"; sourceTree = "<group>"; };
		5230B5BC198A2E4A00C89926 /* XFTCollectModel.h */ = {isa = PBXFileReference; fileEncoding = 4; lastKnownFileType = sourcecode.c.h; path = XFTCollectModel.h; sourceTree = "<group>"; };
		5230B5BD198A2E4A00C89926 /* XFTCollectModel.m */ = {isa = PBXFileReference; fileEncoding = 4; lastKnownFileType = sourcecode.c.objc; path = XFTCollectModel.m; sourceTree = "<group>"; };
		5230B5C2198A388700C89926 /* photo@2x.png */ = {isa = PBXFileReference; lastKnownFileType = image.png; path = "photo@2x.png"; sourceTree = "<group>"; };
		5230B5C6198A414A00C89926 /* picture@2x.png */ = {isa = PBXFileReference; lastKnownFileType = image.png; path = "picture@2x.png"; sourceTree = "<group>"; };
		5230B5CA198A47A300C89926 /* playImage@2x.png */ = {isa = PBXFileReference; lastKnownFileType = image.png; path = "playImage@2x.png"; sourceTree = "<group>"; };
		5230B5CB198A47A300C89926 /* mapImage@2x.png */ = {isa = PBXFileReference; lastKnownFileType = image.png; path = "mapImage@2x.png"; sourceTree = "<group>"; };
		5230B5D0198A483700C89926 /* chat_message_other@2x.png */ = {isa = PBXFileReference; lastKnownFileType = image.png; path = "chat_message_other@2x.png"; sourceTree = "<group>"; };
		5230B5D2198A56AD00C89926 /* bottleReceiverVoiceNodePlaying@2x.png */ = {isa = PBXFileReference; lastKnownFileType = image.png; path = "bottleReceiverVoiceNodePlaying@2x.png"; sourceTree = "<group>"; };
		524542081990673600D4E8EE /* XFTTagWriteView.h */ = {isa = PBXFileReference; fileEncoding = 4; lastKnownFileType = sourcecode.c.h; path = XFTTagWriteView.h; sourceTree = "<group>"; };
		524542091990673600D4E8EE /* XFTTagWriteView.m */ = {isa = PBXFileReference; fileEncoding = 4; lastKnownFileType = sourcecode.c.objc; path = XFTTagWriteView.m; sourceTree = "<group>"; };
		5245420B199072A200D4E8EE /* MyLayer.h */ = {isa = PBXFileReference; fileEncoding = 4; lastKnownFileType = sourcecode.c.h; path = MyLayer.h; sourceTree = "<group>"; };
		5245420C199072A200D4E8EE /* MyLayer.m */ = {isa = PBXFileReference; fileEncoding = 4; lastKnownFileType = sourcecode.c.objc; path = MyLayer.m; sourceTree = "<group>"; };
		5245420E1990795E00D4E8EE /* NSString+CalWidth.h */ = {isa = PBXFileReference; fileEncoding = 4; lastKnownFileType = sourcecode.c.h; path = "NSString+CalWidth.h"; sourceTree = "<group>"; };
		5245420F1990795E00D4E8EE /* NSString+CalWidth.m */ = {isa = PBXFileReference; fileEncoding = 4; lastKnownFileType = sourcecode.c.objc; path = "NSString+CalWidth.m"; sourceTree = "<group>"; };
		52ABAC79198F2E2300CF1C7D /* 1@2x.png */ = {isa = PBXFileReference; lastKnownFileType = image.png; path = "1@2x.png"; sourceTree = "<group>"; };
		52ABAC7A198F2E2300CF1C7D /* 2@2x.png */ = {isa = PBXFileReference; lastKnownFileType = image.png; path = "2@2x.png"; sourceTree = "<group>"; };
		52ABAC7B198F2E2300CF1C7D /* 3@2x.png */ = {isa = PBXFileReference; lastKnownFileType = image.png; path = "3@2x.png"; sourceTree = "<group>"; };
		52ABAC7C198F2E2300CF1C7D /* 4@2x.png */ = {isa = PBXFileReference; lastKnownFileType = image.png; path = "4@2x.png"; sourceTree = "<group>"; };
		52ABAC7D198F2E2300CF1C7D /* 5@2x.png */ = {isa = PBXFileReference; lastKnownFileType = image.png; path = "5@2x.png"; sourceTree = "<group>"; };
		52ABAC83198F2EDE00CF1C7D /* 8@2x.png */ = {isa = PBXFileReference; lastKnownFileType = image.png; path = "8@2x.png"; sourceTree = "<group>"; };
		52ABAC84198F2EDE00CF1C7D /* 9@2x.png */ = {isa = PBXFileReference; lastKnownFileType = image.png; path = "9@2x.png"; sourceTree = "<group>"; };
		52ABAC85198F2EDE00CF1C7D /* 6@2x.png */ = {isa = PBXFileReference; lastKnownFileType = image.png; path = "6@2x.png"; sourceTree = "<group>"; };
		52ABAC86198F2EDE00CF1C7D /* 7@2x.png */ = {isa = PBXFileReference; lastKnownFileType = image.png; path = "7@2x.png"; sourceTree = "<group>"; };
		52ABAC8B198F358A00CF1C7D /* UIImage+CalHeight.h */ = {isa = PBXFileReference; fileEncoding = 4; lastKnownFileType = sourcecode.c.h; path = "UIImage+CalHeight.h"; sourceTree = "<group>"; };
		52ABAC8C198F358A00CF1C7D /* UIImage+CalHeight.m */ = {isa = PBXFileReference; fileEncoding = 4; lastKnownFileType = sourcecode.c.objc; path = "UIImage+CalHeight.m"; sourceTree = "<group>"; };
		52BCDC7B198B2CCC00C642A5 /* XFTTextCell.h */ = {isa = PBXFileReference; fileEncoding = 4; lastKnownFileType = sourcecode.c.h; path = XFTTextCell.h; sourceTree = "<group>"; };
		52BCDC7C198B2CCC00C642A5 /* XFTTextCell.m */ = {isa = PBXFileReference; fileEncoding = 4; lastKnownFileType = sourcecode.c.objc; path = XFTTextCell.m; sourceTree = "<group>"; };
		52BCDC7E198B2D0600C642A5 /* XFTPictureCell.h */ = {isa = PBXFileReference; fileEncoding = 4; lastKnownFileType = sourcecode.c.h; path = XFTPictureCell.h; sourceTree = "<group>"; };
		52BCDC7F198B2D0600C642A5 /* XFTPictureCell.m */ = {isa = PBXFileReference; fileEncoding = 4; lastKnownFileType = sourcecode.c.objc; path = XFTPictureCell.m; sourceTree = "<group>"; };
		52BCDC81198B2D1A00C642A5 /* XFTVideoCell.h */ = {isa = PBXFileReference; fileEncoding = 4; lastKnownFileType = sourcecode.c.h; path = XFTVideoCell.h; sourceTree = "<group>"; };
		52BCDC82198B2D1A00C642A5 /* XFTVideoCell.m */ = {isa = PBXFileReference; fileEncoding = 4; lastKnownFileType = sourcecode.c.objc; path = XFTVideoCell.m; sourceTree = "<group>"; };
		52BCDC84198B2D2900C642A5 /* XFTVoiceCell.h */ = {isa = PBXFileReference; fileEncoding = 4; lastKnownFileType = sourcecode.c.h; path = XFTVoiceCell.h; sourceTree = "<group>"; };
		52BCDC85198B2D2900C642A5 /* XFTVoiceCell.m */ = {isa = PBXFileReference; fileEncoding = 4; lastKnownFileType = sourcecode.c.objc; path = XFTVoiceCell.m; sourceTree = "<group>"; };
		52BCDC87198B2D4000C642A5 /* XFTLocationCell.h */ = {isa = PBXFileReference; fileEncoding = 4; lastKnownFileType = sourcecode.c.h; path = XFTLocationCell.h; sourceTree = "<group>"; };
		52BCDC88198B2D4000C642A5 /* XFTLocationCell.m */ = {isa = PBXFileReference; fileEncoding = 4; lastKnownFileType = sourcecode.c.objc; path = XFTLocationCell.m; sourceTree = "<group>"; };
		52D1390C198F82F700E2786F /* XFTAddTagViewController.h */ = {isa = PBXFileReference; fileEncoding = 4; lastKnownFileType = sourcecode.c.h; path = XFTAddTagViewController.h; sourceTree = "<group>"; };
		52D1390D198F82F700E2786F /* XFTAddTagViewController.m */ = {isa = PBXFileReference; fileEncoding = 4; lastKnownFileType = sourcecode.c.objc; path = XFTAddTagViewController.m; sourceTree = "<group>"; };
		52D1390F198F97DA00E2786F /* HKKTagWriteView.h */ = {isa = PBXFileReference; fileEncoding = 4; lastKnownFileType = sourcecode.c.h; path = HKKTagWriteView.h; sourceTree = "<group>"; };
		52D13910198F97DA00E2786F /* HKKTagWriteView.m */ = {isa = PBXFileReference; fileEncoding = 4; lastKnownFileType = sourcecode.c.objc; path = HKKTagWriteView.m; sourceTree = "<group>"; };
		52D74A0D198B6AF600220631 /* NSString+CalHeight.h */ = {isa = PBXFileReference; fileEncoding = 4; lastKnownFileType = sourcecode.c.h; path = "NSString+CalHeight.h"; sourceTree = "<group>"; };
		52D74A0E198B6AF600220631 /* NSString+CalHeight.m */ = {isa = PBXFileReference; fileEncoding = 4; lastKnownFileType = sourcecode.c.objc; path = "NSString+CalHeight.m"; sourceTree = "<group>"; };
		52D74A16198B79A200220631 /* DNSSwipeableCell.h */ = {isa = PBXFileReference; fileEncoding = 4; lastKnownFileType = sourcecode.c.h; path = DNSSwipeableCell.h; sourceTree = "<group>"; };
		52D74A17198B79A200220631 /* DNSSwipeableCell.m */ = {isa = PBXFileReference; fileEncoding = 4; lastKnownFileType = sourcecode.c.objc; path = DNSSwipeableCell.m; sourceTree = "<group>"; };
		A224A776198E052400DA6FE5 /* Action_Alias@2x.png */ = {isa = PBXFileReference; lastKnownFileType = image.png; path = "Action_Alias@2x.png"; sourceTree = "<group>"; };
		A224A778198E101D00DA6FE5 /* 0@2x.png */ = {isa = PBXFileReference; lastKnownFileType = image.png; path = "0@2x.png"; sourceTree = "<group>"; };
		A2615424198D2E89003A7CE8 /* Fav_detail_voice_pause@2x.png */ = {isa = PBXFileReference; lastKnownFileType = image.png; path = "Fav_detail_voice_pause@2x.png"; sourceTree = "<group>"; };
		A2615425198D2E89003A7CE8 /* Fav_detail_voice_pauseHL@2x.png */ = {isa = PBXFileReference; lastKnownFileType = image.png; path = "Fav_detail_voice_pauseHL@2x.png"; sourceTree = "<group>"; };
		A2615426198D2E89003A7CE8 /* Fav_detail_voice_play@2x.png */ = {isa = PBXFileReference; lastKnownFileType = image.png; path = "Fav_detail_voice_play@2x.png"; sourceTree = "<group>"; };
		A2615427198D2E89003A7CE8 /* Fav_detail_voice_playHL@2x.png */ = {isa = PBXFileReference; lastKnownFileType = image.png; path = "Fav_detail_voice_playHL@2x.png"; sourceTree = "<group>"; };
		A261542C198D3065003A7CE8 /* Fav_Tab_icon@2x.png */ = {isa = PBXFileReference; lastKnownFileType = image.png; path = "Fav_Tab_icon@2x.png"; sourceTree = "<group>"; };
		A261542E198D30AC003A7CE8 /* location_tag_icon@2x.png */ = {isa = PBXFileReference; lastKnownFileType = image.png; path = "location_tag_icon@2x.png"; sourceTree = "<group>"; };
		A2615430198D314E003A7CE8 /* VoiceNodePlaying@2x.png */ = {isa = PBXFileReference; lastKnownFileType = image.png; path = "VoiceNodePlaying@2x.png"; sourceTree = "<group>"; };
		A2E73ABC198CB1EA009D1797 /* XFTTextViewController.h */ = {isa = PBXFileReference; fileEncoding = 4; lastKnownFileType = sourcecode.c.h; path = XFTTextViewController.h; sourceTree = "<group>"; };
		A2E73ABD198CB1EA009D1797 /* XFTTextViewController.m */ = {isa = PBXFileReference; fileEncoding = 4; lastKnownFileType = sourcecode.c.objc; path = XFTTextViewController.m; sourceTree = "<group>"; };
		A2E73ABF198CB2E5009D1797 /* ios7_nav_Image@2x.png */ = {isa = PBXFileReference; lastKnownFileType = image.png; path = "ios7_nav_Image@2x.png"; sourceTree = "<group>"; };
		A2E73AC1198CB369009D1797 /* ios6_nav_Image@2x.png */ = {isa = PBXFileReference; lastKnownFileType = image.png; path = "ios6_nav_Image@2x.png"; sourceTree = "<group>"; };
		A2E73AC3198CB74B009D1797 /* back-arrow@2x.png */ = {isa = PBXFileReference; lastKnownFileType = image.png; path = "back-arrow@2x.png"; sourceTree = "<group>"; };
		A2E73AC5198CBB5A009D1797 /* XFTSuperViewController.h */ = {isa = PBXFileReference; fileEncoding = 4; lastKnownFileType = sourcecode.c.h; path = XFTSuperViewController.h; sourceTree = "<group>"; };
		A2E73AC6198CBB5A009D1797 /* XFTSuperViewController.m */ = {isa = PBXFileReference; fileEncoding = 4; lastKnownFileType = sourcecode.c.objc; path = XFTSuperViewController.m; sourceTree = "<group>"; };
		A2E73AD4198CDE7E009D1797 /* XFTVoiceViewController.h */ = {isa = PBXFileReference; fileEncoding = 4; lastKnownFileType = sourcecode.c.h; path = XFTVoiceViewController.h; sourceTree = "<group>"; };
		A2E73AD5198CDE7E009D1797 /* XFTVoiceViewController.m */ = {isa = PBXFileReference; fileEncoding = 4; lastKnownFileType = sourcecode.c.objc; path = XFTVoiceViewController.m; sourceTree = "<group>"; };
		A2E73AD7198CDE8E009D1797 /* XFTVideoViewController.h */ = {isa = PBXFileReference; fileEncoding = 4; lastKnownFileType = sourcecode.c.h; path = XFTVideoViewController.h; sourceTree = "<group>"; };
		A2E73AD8198CDE8E009D1797 /* XFTVideoViewController.m */ = {isa = PBXFileReference; fileEncoding = 4; lastKnownFileType = sourcecode.c.objc; path = XFTVideoViewController.m; sourceTree = "<group>"; };
		A2E73ADA198CDE9F009D1797 /* XFTPictureViewController.h */ = {isa = PBXFileReference; fileEncoding = 4; lastKnownFileType = sourcecode.c.h; path = XFTPictureViewController.h; sourceTree = "<group>"; };
		A2E73ADB198CDE9F009D1797 /* XFTPictureViewController.m */ = {isa = PBXFileReference; fileEncoding = 4; lastKnownFileType = sourcecode.c.objc; path = XFTPictureViewController.m; sourceTree = "<group>"; };
		A2E73ADD198CE056009D1797 /* XFTMapViewController.h */ = {isa = PBXFileReference; fileEncoding = 4; lastKnownFileType = sourcecode.c.h; path = XFTMapViewController.h; sourceTree = "<group>"; };
		A2E73ADE198CE056009D1797 /* XFTMapViewController.m */ = {isa = PBXFileReference; fileEncoding = 4; lastKnownFileType = sourcecode.c.objc; path = XFTMapViewController.m; sourceTree = "<group>"; };
		A2E73B16198D0C0C009D1797 /* headImage@2x.png */ = {isa = PBXFileReference; lastKnownFileType = image.png; path = "headImage@2x.png"; sourceTree = "<group>"; };
/* End PBXFileReference section */

/* Begin PBXFrameworksBuildPhase section */
		5230B57A198A0A8D00C89926 /* Frameworks */ = {
			isa = PBXFrameworksBuildPhase;
			buildActionMask = 2147483647;
			files = (
				5230B583198A0A8D00C89926 /* CoreGraphics.framework in Frameworks */,
				5230B585198A0A8D00C89926 /* UIKit.framework in Frameworks */,
				5230B581198A0A8D00C89926 /* Foundation.framework in Frameworks */,
			);
			runOnlyForDeploymentPostprocessing = 0;
		};
		5230B595198A0A8E00C89926 /* Frameworks */ = {
			isa = PBXFrameworksBuildPhase;
			buildActionMask = 2147483647;
			files = (
				5230B59A198A0A8E00C89926 /* XCTest.framework in Frameworks */,
				5230B59C198A0A8E00C89926 /* UIKit.framework in Frameworks */,
				5230B59B198A0A8E00C89926 /* Foundation.framework in Frameworks */,
			);
			runOnlyForDeploymentPostprocessing = 0;
		};
/* End PBXFrameworksBuildPhase section */

/* Begin PBXGroup section */
		5230B574198A0A8D00C89926 = {
			isa = PBXGroup;
			children = (
				5230B586198A0A8D00C89926 /* MyCollect */,
				5230B59F198A0A8E00C89926 /* MyCollectTests */,
				5230B57F198A0A8D00C89926 /* Frameworks */,
				5230B57E198A0A8D00C89926 /* Products */,
			);
			sourceTree = "<group>";
		};
		5230B57E198A0A8D00C89926 /* Products */ = {
			isa = PBXGroup;
			children = (
				5230B57D198A0A8D00C89926 /* MyCollect.app */,
				5230B598198A0A8E00C89926 /* MyCollectTests.xctest */,
			);
			name = Products;
			sourceTree = "<group>";
		};
		5230B57F198A0A8D00C89926 /* Frameworks */ = {
			isa = PBXGroup;
			children = (
				5230B580198A0A8D00C89926 /* Foundation.framework */,
				5230B582198A0A8D00C89926 /* CoreGraphics.framework */,
				5230B584198A0A8D00C89926 /* UIKit.framework */,
				5230B599198A0A8E00C89926 /* XCTest.framework */,
			);
			name = Frameworks;
			sourceTree = "<group>";
		};
		5230B586198A0A8D00C89926 /* MyCollect */ = {
			isa = PBXGroup;
			children = (
				52D74A12198B773200220631 /* Libary */,
				52BCDC7A198B2A5C00C642A5 /* Categorys */,
				52BCDC79198B2A3E00C642A5 /* CustomViews */,
				52BCDC78198B2A2900C642A5 /* Controllers */,
				52BCDC77198B2A1500C642A5 /* Cells */,
				5230B5BF198A353800C89926 /* Images */,
				5230B5BB198A2E2A00C89926 /* model */,
				5230B58F198A0A8E00C89926 /* AppDelegate.h */,
				5230B590198A0A8E00C89926 /* AppDelegate.m */,
				5230B592198A0A8E00C89926 /* Images.xcassets */,
				5230B587198A0A8E00C89926 /* Supporting Files */,
			);
			path = MyCollect;
			sourceTree = "<group>";
		};
		5230B587198A0A8E00C89926 /* Supporting Files */ = {
			isa = PBXGroup;
			children = (
				5230B588198A0A8E00C89926 /* MyCollect-Info.plist */,
				5230B589198A0A8E00C89926 /* InfoPlist.strings */,
				5230B58C198A0A8E00C89926 /* main.m */,
				5230B58E198A0A8E00C89926 /* MyCollect-Prefix.pch */,
			);
			name = "Supporting Files";
			sourceTree = "<group>";
		};
		5230B59F198A0A8E00C89926 /* MyCollectTests */ = {
			isa = PBXGroup;
			children = (
				5230B5A5198A0A8E00C89926 /* MyCollectTests.m */,
				5230B5A0198A0A8E00C89926 /* Supporting Files */,
			);
			path = MyCollectTests;
			sourceTree = "<group>";
		};
		5230B5A0198A0A8E00C89926 /* Supporting Files */ = {
			isa = PBXGroup;
			children = (
				5230B5A1198A0A8E00C89926 /* MyCollectTests-Info.plist */,
				5230B5A2198A0A8E00C89926 /* InfoPlist.strings */,
			);
			name = "Supporting Files";
			sourceTree = "<group>";
		};
		5230B5BB198A2E2A00C89926 /* model */ = {
			isa = PBXGroup;
			children = (
				5230B5BC198A2E4A00C89926 /* XFTCollectModel.h */,
				5230B5BD198A2E4A00C89926 /* XFTCollectModel.m */,
			);
			name = model;
			sourceTree = "<group>";
		};
		5230B5BF198A353800C89926 /* Images */ = {
			isa = PBXGroup;
			children = (
				A224A778198E101D00DA6FE5 /* 0@2x.png */,
				52ABAC79198F2E2300CF1C7D /* 1@2x.png */,
				52ABAC7A198F2E2300CF1C7D /* 2@2x.png */,
				52ABAC7B198F2E2300CF1C7D /* 3@2x.png */,
				52ABAC7C198F2E2300CF1C7D /* 4@2x.png */,
				52ABAC7D198F2E2300CF1C7D /* 5@2x.png */,
				52ABAC85198F2EDE00CF1C7D /* 6@2x.png */,
				52ABAC86198F2EDE00CF1C7D /* 7@2x.png */,
				52ABAC83198F2EDE00CF1C7D /* 8@2x.png */,
				52ABAC84198F2EDE00CF1C7D /* 9@2x.png */,
				A224A776198E052400DA6FE5 /* Action_Alias@2x.png */,
				A2615430198D314E003A7CE8 /* VoiceNodePlaying@2x.png */,
				A261542E198D30AC003A7CE8 /* location_tag_icon@2x.png */,
				A261542C198D3065003A7CE8 /* Fav_Tab_icon@2x.png */,
				A2615424198D2E89003A7CE8 /* Fav_detail_voice_pause@2x.png */,
				A2615425198D2E89003A7CE8 /* Fav_detail_voice_pauseHL@2x.png */,
				A2615426198D2E89003A7CE8 /* Fav_detail_voice_play@2x.png */,
				A2615427198D2E89003A7CE8 /* Fav_detail_voice_playHL@2x.png */,
				A2E73B16198D0C0C009D1797 /* headImage@2x.png */,
				A2E73AC3198CB74B009D1797 /* back-arrow@2x.png */,
				A2E73AC1198CB369009D1797 /* ios6_nav_Image@2x.png */,
				A2E73ABF198CB2E5009D1797 /* ios7_nav_Image@2x.png */,
				5230B5D2198A56AD00C89926 /* bottleReceiverVoiceNodePlaying@2x.png */,
				5230B5D0198A483700C89926 /* chat_message_other@2x.png */,
				5230B5CA198A47A300C89926 /* playImage@2x.png */,
				5230B5CB198A47A300C89926 /* mapImage@2x.png */,
				5230B5C6198A414A00C89926 /* picture@2x.png */,
				5230B5C2198A388700C89926 /* photo@2x.png */,
			);
			name = Images;
			sourceTree = "<group>";
		};
		52BCDC77198B2A1500C642A5 /* Cells */ = {
			isa = PBXGroup;
			children = (
				5230B5B2198A0E2200C89926 /* XFTMyCollectCell.h */,
				5230B5B3198A0E2200C89926 /* XFTMyCollectCell.m */,
				52BCDC7B198B2CCC00C642A5 /* XFTTextCell.h */,
				52BCDC7C198B2CCC00C642A5 /* XFTTextCell.m */,
				52BCDC7E198B2D0600C642A5 /* XFTPictureCell.h */,
				52BCDC7F198B2D0600C642A5 /* XFTPictureCell.m */,
				52BCDC81198B2D1A00C642A5 /* XFTVideoCell.h */,
				52BCDC82198B2D1A00C642A5 /* XFTVideoCell.m */,
				52BCDC84198B2D2900C642A5 /* XFTVoiceCell.h */,
				52BCDC85198B2D2900C642A5 /* XFTVoiceCell.m */,
				52BCDC87198B2D4000C642A5 /* XFTLocationCell.h */,
				52BCDC88198B2D4000C642A5 /* XFTLocationCell.m */,
			);
			name = Cells;
			sourceTree = "<group>";
		};
		52BCDC78198B2A2900C642A5 /* Controllers */ = {
			isa = PBXGroup;
			children = (
				A2E73AC5198CBB5A009D1797 /* XFTSuperViewController.h */,
				A2E73AC6198CBB5A009D1797 /* XFTSuperViewController.m */,
				5230B5AF198A0D8B00C89926 /* XFTMyCollectViewController.h */,
				5230B5B0198A0D8B00C89926 /* XFTMyCollectViewController.m */,
				A2E73ABC198CB1EA009D1797 /* XFTTextViewController.h */,
				A2E73ABD198CB1EA009D1797 /* XFTTextViewController.m */,
				A2E73AD4198CDE7E009D1797 /* XFTVoiceViewController.h */,
				A2E73AD5198CDE7E009D1797 /* XFTVoiceViewController.m */,
				A2E73AD7198CDE8E009D1797 /* XFTVideoViewController.h */,
				A2E73AD8198CDE8E009D1797 /* XFTVideoViewController.m */,
				A2E73ADA198CDE9F009D1797 /* XFTPictureViewController.h */,
				A2E73ADB198CDE9F009D1797 /* XFTPictureViewController.m */,
				A2E73ADD198CE056009D1797 /* XFTMapViewController.h */,
				A2E73ADE198CE056009D1797 /* XFTMapViewController.m */,
				52D1390C198F82F700E2786F /* XFTAddTagViewController.h */,
				52D1390D198F82F700E2786F /* XFTAddTagViewController.m */,
			);
			name = Controllers;
			sourceTree = "<group>";
		};
		52BCDC79198B2A3E00C642A5 /* CustomViews */ = {
			isa = PBXGroup;
			children = (
				5230B5B5198A1A3E00C89926 /* XFTCustomLabel.h */,
				5230B5B6198A1A3E00C89926 /* XFTCustomLabel.m */,
				524542081990673600D4E8EE /* XFTTagWriteView.h */,
				524542091990673600D4E8EE /* XFTTagWriteView.m */,
			);
			name = CustomViews;
			sourceTree = "<group>";
		};
		52BCDC7A198B2A5C00C642A5 /* Categorys */ = {
			isa = PBXGroup;
			children = (
				5230B5B8198A1F6E00C89926 /* UILabel+CalHeight.h */,
				5230B5B9198A1F6E00C89926 /* UILabel+CalHeight.m */,
				52D74A0D198B6AF600220631 /* NSString+CalHeight.h */,
				52D74A0E198B6AF600220631 /* NSString+CalHeight.m */,
				52ABAC8B198F358A00CF1C7D /* UIImage+CalHeight.h */,
				52ABAC8C198F358A00CF1C7D /* UIImage+CalHeight.m */,
				5245420E1990795E00D4E8EE /* NSString+CalWidth.h */,
				5245420F1990795E00D4E8EE /* NSString+CalWidth.m */,
			);
			name = Categorys;
			sourceTree = "<group>";
		};
		52D74A12198B773200220631 /* Libary */ = {
			isa = PBXGroup;
			children = (
				52D74A16198B79A200220631 /* DNSSwipeableCell.h */,
				52D74A17198B79A200220631 /* DNSSwipeableCell.m */,
				52D1390F198F97DA00E2786F /* HKKTagWriteView.h */,
				52D13910198F97DA00E2786F /* HKKTagWriteView.m */,
				5245420B199072A200D4E8EE /* MyLayer.h */,
				5245420C199072A200D4E8EE /* MyLayer.m */,
			);
			name = Libary;
			sourceTree = "<group>";
		};
/* End PBXGroup section */

/* Begin PBXNativeTarget section */
		5230B57C198A0A8D00C89926 /* MyCollect */ = {
			isa = PBXNativeTarget;
			buildConfigurationList = 5230B5A9198A0A8E00C89926 /* Build configuration list for PBXNativeTarget "MyCollect" */;
			buildPhases = (
				5230B579198A0A8D00C89926 /* Sources */,
				5230B57A198A0A8D00C89926 /* Frameworks */,
				5230B57B198A0A8D00C89926 /* Resources */,
			);
			buildRules = (
			);
			dependencies = (
			);
			name = MyCollect;
			productName = MyCollect;
			productReference = 5230B57D198A0A8D00C89926 /* MyCollect.app */;
			productType = "com.apple.product-type.application";
		};
		5230B597198A0A8E00C89926 /* MyCollectTests */ = {
			isa = PBXNativeTarget;
			buildConfigurationList = 5230B5AC198A0A8E00C89926 /* Build configuration list for PBXNativeTarget "MyCollectTests" */;
			buildPhases = (
				5230B594198A0A8E00C89926 /* Sources */,
				5230B595198A0A8E00C89926 /* Frameworks */,
				5230B596198A0A8E00C89926 /* Resources */,
			);
			buildRules = (
			);
			dependencies = (
				5230B59E198A0A8E00C89926 /* PBXTargetDependency */,
			);
			name = MyCollectTests;
			productName = MyCollectTests;
			productReference = 5230B598198A0A8E00C89926 /* MyCollectTests.xctest */;
			productType = "com.apple.product-type.bundle.unit-test";
		};
/* End PBXNativeTarget section */

/* Begin PBXProject section */
		5230B575198A0A8D00C89926 /* Project object */ = {
			isa = PBXProject;
			attributes = {
				LastUpgradeCheck = 0510;
				ORGANIZATIONNAME = "___FULLUSERNAME___";
				TargetAttributes = {
					5230B597198A0A8E00C89926 = {
						TestTargetID = 5230B57C198A0A8D00C89926;
					};
				};
			};
			buildConfigurationList = 5230B578198A0A8D00C89926 /* Build configuration list for PBXProject "MyCollect" */;
			compatibilityVersion = "Xcode 3.2";
			developmentRegion = English;
			hasScannedForEncodings = 0;
			knownRegions = (
				en,
			);
			mainGroup = 5230B574198A0A8D00C89926;
			productRefGroup = 5230B57E198A0A8D00C89926 /* Products */;
			projectDirPath = "";
			projectRoot = "";
			targets = (
				5230B57C198A0A8D00C89926 /* MyCollect */,
				5230B597198A0A8E00C89926 /* MyCollectTests */,
			);
		};
/* End PBXProject section */

/* Begin PBXResourcesBuildPhase section */
		5230B57B198A0A8D00C89926 /* Resources */ = {
			isa = PBXResourcesBuildPhase;
			buildActionMask = 2147483647;
			files = (
				A2E73AC2198CB369009D1797 /* ios6_nav_Image@2x.png in Resources */,
				5230B5CD198A47A300C89926 /* mapImage@2x.png in Resources */,
				5230B5C7198A414A00C89926 /* picture@2x.png in Resources */,
				52ABAC81198F2E2300CF1C7D /* 4@2x.png in Resources */,
				52ABAC80198F2E2300CF1C7D /* 3@2x.png in Resources */,
				A224A779198E101D00DA6FE5 /* 0@2x.png in Resources */,
				52ABAC7F198F2E2300CF1C7D /* 2@2x.png in Resources */,
				5230B5D1198A483700C89926 /* chat_message_other@2x.png in Resources */,
				5230B5C3198A388700C89926 /* photo@2x.png in Resources */,
				52ABAC89198F2EDE00CF1C7D /* 6@2x.png in Resources */,
				52ABAC88198F2EDE00CF1C7D /* 9@2x.png in Resources */,
				5230B58B198A0A8E00C89926 /* InfoPlist.strings in Resources */,
				A2E73B17198D0C0C009D1797 /* headImage@2x.png in Resources */,
				52ABAC82198F2E2300CF1C7D /* 5@2x.png in Resources */,
				A2615429198D2E89003A7CE8 /* Fav_detail_voice_pauseHL@2x.png in Resources */,
				A261542B198D2E89003A7CE8 /* Fav_detail_voice_playHL@2x.png in Resources */,
				A261542A198D2E89003A7CE8 /* Fav_detail_voice_play@2x.png in Resources */,
				52ABAC7E198F2E2300CF1C7D /* 1@2x.png in Resources */,
				A2E73AC4198CB74B009D1797 /* back-arrow@2x.png in Resources */,
				A2615431198D314E003A7CE8 /* VoiceNodePlaying@2x.png in Resources */,
				A2E73AC0198CB2E5009D1797 /* ios7_nav_Image@2x.png in Resources */,
				5230B5D3198A56AD00C89926 /* bottleReceiverVoiceNodePlaying@2x.png in Resources */,
				A261542F198D30AC003A7CE8 /* location_tag_icon@2x.png in Resources */,
				A261542D198D3065003A7CE8 /* Fav_Tab_icon@2x.png in Resources */,
				5230B5CC198A47A300C89926 /* playImage@2x.png in Resources */,
				5230B593198A0A8E00C89926 /* Images.xcassets in Resources */,
				52ABAC87198F2EDE00CF1C7D /* 8@2x.png in Resources */,
				52ABAC8A198F2EDE00CF1C7D /* 7@2x.png in Resources */,
				A2615428198D2E89003A7CE8 /* Fav_detail_voice_pause@2x.png in Resources */,
				A224A777198E052400DA6FE5 /* Action_Alias@2x.png in Resources */,
			);
			runOnlyForDeploymentPostprocessing = 0;
		};
		5230B596198A0A8E00C89926 /* Resources */ = {
			isa = PBXResourcesBuildPhase;
			buildActionMask = 2147483647;
			files = (
				5230B5A4198A0A8E00C89926 /* InfoPlist.strings in Resources */,
			);
			runOnlyForDeploymentPostprocessing = 0;
		};
/* End PBXResourcesBuildPhase section */

/* Begin PBXSourcesBuildPhase section */
		5230B579198A0A8D00C89926 /* Sources */ = {
			isa = PBXSourcesBuildPhase;
			buildActionMask = 2147483647;
			files = (
				5245420A1990673600D4E8EE /* XFTTagWriteView.m in Sources */,
				52D74A18198B79A200220631 /* DNSSwipeableCell.m in Sources */,
				5230B591198A0A8E00C89926 /* AppDelegate.m in Sources */,
				52BCDC80198B2D0600C642A5 /* XFTPictureCell.m in Sources */,
				A2E73AC7198CBB5A009D1797 /* XFTSuperViewController.m in Sources */,
				524542101990795E00D4E8EE /* NSString+CalWidth.m in Sources */,
				5230B5BE198A2E4A00C89926 /* XFTCollectModel.m in Sources */,
				5230B5B1198A0D8B00C89926 /* XFTMyCollectViewController.m in Sources */,
				5230B5B4198A0E2200C89926 /* XFTMyCollectCell.m in Sources */,
				5230B58D198A0A8E00C89926 /* main.m in Sources */,
				A2E73AD6198CDE7E009D1797 /* XFTVoiceViewController.m in Sources */,
				A2E73ABE198CB1EA009D1797 /* XFTTextViewController.m in Sources */,
				52BCDC83198B2D1A00C642A5 /* XFTVideoCell.m in Sources */,
				52D13911198F97DA00E2786F /* HKKTagWriteView.m in Sources */,
				52D1390E198F82F700E2786F /* XFTAddTagViewController.m in Sources */,
				A2E73AD9198CDE8E009D1797 /* XFTVideoViewController.m in Sources */,
				A2E73ADF198CE056009D1797 /* XFTMapViewController.m in Sources */,
				5245420D199072A200D4E8EE /* MyLayer.m in Sources */,
				52ABAC8D198F358A00CF1C7D /* UIImage+CalHeight.m in Sources */,
				52BCDC86198B2D2900C642A5 /* XFTVoiceCell.m in Sources */,
				52D74A0F198B6AF600220631 /* NSString+CalHeight.m in Sources */,
				5230B5BA198A1F6E00C89926 /* UILabel+CalHeight.m in Sources */,
				5230B5B7198A1A3E00C89926 /* XFTCustomLabel.m in Sources */,
				A2E73ADC198CDE9F009D1797 /* XFTPictureViewController.m in Sources */,
				52BCDC7D198B2CCC00C642A5 /* XFTTextCell.m in Sources */,
				52BCDC89198B2D4000C642A5 /* XFTLocationCell.m in Sources */,
			);
			runOnlyForDeploymentPostprocessing = 0;
		};
		5230B594198A0A8E00C89926 /* Sources */ = {
			isa = PBXSourcesBuildPhase;
			buildActionMask = 2147483647;
			files = (
				5230B5A6198A0A8E00C89926 /* MyCollectTests.m in Sources */,
			);
			runOnlyForDeploymentPostprocessing = 0;
		};
/* End PBXSourcesBuildPhase section */

/* Begin PBXTargetDependency section */
		5230B59E198A0A8E00C89926 /* PBXTargetDependency */ = {
			isa = PBXTargetDependency;
			target = 5230B57C198A0A8D00C89926 /* MyCollect */;
			targetProxy = 5230B59D198A0A8E00C89926 /* PBXContainerItemProxy */;
		};
/* End PBXTargetDependency section */

/* Begin PBXVariantGroup section */
		5230B589198A0A8E00C89926 /* InfoPlist.strings */ = {
			isa = PBXVariantGroup;
			children = (
				5230B58A198A0A8E00C89926 /* en */,
			);
			name = InfoPlist.strings;
			sourceTree = "<group>";
		};
		5230B5A2198A0A8E00C89926 /* InfoPlist.strings */ = {
			isa = PBXVariantGroup;
			children = (
				5230B5A3198A0A8E00C89926 /* en */,
			);
			name = InfoPlist.strings;
			sourceTree = "<group>";
		};
/* End PBXVariantGroup section */

/* Begin XCBuildConfiguration section */
		5230B5A7198A0A8E00C89926 /* Debug */ = {
			isa = XCBuildConfiguration;
			buildSettings = {
				ALWAYS_SEARCH_USER_PATHS = NO;
				CLANG_CXX_LANGUAGE_STANDARD = "gnu++0x";
				CLANG_CXX_LIBRARY = "libc++";
				CLANG_ENABLE_MODULES = YES;
				CLANG_ENABLE_OBJC_ARC = YES;
				CLANG_WARN_BOOL_CONVERSION = YES;
				CLANG_WARN_CONSTANT_CONVERSION = YES;
				CLANG_WARN_DIRECT_OBJC_ISA_USAGE = YES_ERROR;
				CLANG_WARN_EMPTY_BODY = YES;
				CLANG_WARN_ENUM_CONVERSION = YES;
				CLANG_WARN_INT_CONVERSION = YES;
				CLANG_WARN_OBJC_ROOT_CLASS = YES_ERROR;
				CLANG_WARN__DUPLICATE_METHOD_MATCH = YES;
				"CODE_SIGN_IDENTITY[sdk=iphoneos*]" = "iPhone Developer";
				COPY_PHASE_STRIP = NO;
				GCC_C_LANGUAGE_STANDARD = gnu99;
				GCC_DYNAMIC_NO_PIC = NO;
				GCC_OPTIMIZATION_LEVEL = 0;
				GCC_PREPROCESSOR_DEFINITIONS = (
					"DEBUG=1",
					"$(inherited)",
				);
				GCC_SYMBOLS_PRIVATE_EXTERN = NO;
				GCC_WARN_64_TO_32_BIT_CONVERSION = YES;
				GCC_WARN_ABOUT_RETURN_TYPE = YES_ERROR;
				GCC_WARN_UNDECLARED_SELECTOR = YES;
				GCC_WARN_UNINITIALIZED_AUTOS = YES_AGGRESSIVE;
				GCC_WARN_UNUSED_FUNCTION = YES;
				GCC_WARN_UNUSED_VARIABLE = YES;
				IPHONEOS_DEPLOYMENT_TARGET = 6.0;
				ONLY_ACTIVE_ARCH = YES;
				SDKROOT = iphoneos;
				TARGETED_DEVICE_FAMILY = "1,2";
			};
			name = Debug;
		};
		5230B5A8198A0A8E00C89926 /* Release */ = {
			isa = XCBuildConfiguration;
			buildSettings = {
				ALWAYS_SEARCH_USER_PATHS = NO;
				CLANG_CXX_LANGUAGE_STANDARD = "gnu++0x";
				CLANG_CXX_LIBRARY = "libc++";
				CLANG_ENABLE_MODULES = YES;
				CLANG_ENABLE_OBJC_ARC = YES;
				CLANG_WARN_BOOL_CONVERSION = YES;
				CLANG_WARN_CONSTANT_CONVERSION = YES;
				CLANG_WARN_DIRECT_OBJC_ISA_USAGE = YES_ERROR;
				CLANG_WARN_EMPTY_BODY = YES;
				CLANG_WARN_ENUM_CONVERSION = YES;
				CLANG_WARN_INT_CONVERSION = YES;
				CLANG_WARN_OBJC_ROOT_CLASS = YES_ERROR;
				CLANG_WARN__DUPLICATE_METHOD_MATCH = YES;
				"CODE_SIGN_IDENTITY[sdk=iphoneos*]" = "iPhone Developer";
				COPY_PHASE_STRIP = YES;
				ENABLE_NS_ASSERTIONS = NO;
				GCC_C_LANGUAGE_STANDARD = gnu99;
				GCC_WARN_64_TO_32_BIT_CONVERSION = YES;
				GCC_WARN_ABOUT_RETURN_TYPE = YES_ERROR;
				GCC_WARN_UNDECLARED_SELECTOR = YES;
				GCC_WARN_UNINITIALIZED_AUTOS = YES_AGGRESSIVE;
				GCC_WARN_UNUSED_FUNCTION = YES;
				GCC_WARN_UNUSED_VARIABLE = YES;
				IPHONEOS_DEPLOYMENT_TARGET = 6.0;
				SDKROOT = iphoneos;
				TARGETED_DEVICE_FAMILY = "1,2";
				VALIDATE_PRODUCT = YES;
			};
			name = Release;
		};
		5230B5AA198A0A8E00C89926 /* Debug */ = {
			isa = XCBuildConfiguration;
			buildSettings = {
				ASSETCATALOG_COMPILER_APPICON_NAME = AppIcon;
				ASSETCATALOG_COMPILER_LAUNCHIMAGE_NAME = LaunchImage;
				CLANG_ENABLE_OBJC_ARC = YES;
				GCC_PRECOMPILE_PREFIX_HEADER = YES;
				GCC_PREFIX_HEADER = "MyCollect/MyCollect-Prefix.pch";
				INFOPLIST_FILE = "MyCollect/MyCollect-Info.plist";
				IPHONEOS_DEPLOYMENT_TARGET = 6.0;
				PRODUCT_NAME = "$(TARGET_NAME)";
				WRAPPER_EXTENSION = app;
			};
			name = Debug;
		};
		5230B5AB198A0A8E00C89926 /* Release */ = {
			isa = XCBuildConfiguration;
			buildSettings = {
				ASSETCATALOG_COMPILER_APPICON_NAME = AppIcon;
				ASSETCATALOG_COMPILER_LAUNCHIMAGE_NAME = LaunchImage;
				CLANG_ENABLE_OBJC_ARC = YES;
				GCC_PRECOMPILE_PREFIX_HEADER = YES;
				GCC_PREFIX_HEADER = "MyCollect/MyCollect-Prefix.pch";
				INFOPLIST_FILE = "MyCollect/MyCollect-Info.plist";
				IPHONEOS_DEPLOYMENT_TARGET = 6.0;
				PRODUCT_NAME = "$(TARGET_NAME)";
				WRAPPER_EXTENSION = app;
			};
			name = Release;
		};
		5230B5AD198A0A8E00C89926 /* Debug */ = {
			isa = XCBuildConfiguration;
			buildSettings = {
				BUNDLE_LOADER = "$(BUILT_PRODUCTS_DIR)/MyCollect.app/MyCollect";
				FRAMEWORK_SEARCH_PATHS = (
					"$(SDKROOT)/Developer/Library/Frameworks",
					"$(inherited)",
					"$(DEVELOPER_FRAMEWORKS_DIR)",
				);
				GCC_PRECOMPILE_PREFIX_HEADER = YES;
				GCC_PREFIX_HEADER = "MyCollect/MyCollect-Prefix.pch";
				GCC_PREPROCESSOR_DEFINITIONS = (
					"DEBUG=1",
					"$(inherited)",
				);
				INFOPLIST_FILE = "MyCollectTests/MyCollectTests-Info.plist";
				PRODUCT_NAME = "$(TARGET_NAME)";
				TEST_HOST = "$(BUNDLE_LOADER)";
				WRAPPER_EXTENSION = xctest;
			};
			name = Debug;
		};
		5230B5AE198A0A8E00C89926 /* Release */ = {
			isa = XCBuildConfiguration;
			buildSettings = {
				BUNDLE_LOADER = "$(BUILT_PRODUCTS_DIR)/MyCollect.app/MyCollect";
				FRAMEWORK_SEARCH_PATHS = (
					"$(SDKROOT)/Developer/Library/Frameworks",
					"$(inherited)",
					"$(DEVELOPER_FRAMEWORKS_DIR)",
				);
				GCC_PRECOMPILE_PREFIX_HEADER = YES;
				GCC_PREFIX_HEADER = "MyCollect/MyCollect-Prefix.pch";
				INFOPLIST_FILE = "MyCollectTests/MyCollectTests-Info.plist";
				PRODUCT_NAME = "$(TARGET_NAME)";
				TEST_HOST = "$(BUNDLE_LOADER)";
				WRAPPER_EXTENSION = xctest;
			};
			name = Release;
		};
/* End XCBuildConfiguration section */

/* Begin XCConfigurationList section */
		5230B578198A0A8D00C89926 /* Build configuration list for PBXProject "MyCollect" */ = {
			isa = XCConfigurationList;
			buildConfigurations = (
				5230B5A7198A0A8E00C89926 /* Debug */,
				5230B5A8198A0A8E00C89926 /* Release */,
			);
			defaultConfigurationIsVisible = 0;
			defaultConfigurationName = Release;
		};
		5230B5A9198A0A8E00C89926 /* Build configuration list for PBXNativeTarget "MyCollect" */ = {
			isa = XCConfigurationList;
			buildConfigurations = (
				5230B5AA198A0A8E00C89926 /* Debug */,
				5230B5AB198A0A8E00C89926 /* Release */,
			);
			defaultConfigurationIsVisible = 0;
			defaultConfigurationName = Release;
		};
		5230B5AC198A0A8E00C89926 /* Build configuration list for PBXNativeTarget "MyCollectTests" */ = {
			isa = XCConfigurationList;
			buildConfigurations = (
				5230B5AD198A0A8E00C89926 /* Debug */,
				5230B5AE198A0A8E00C89926 /* Release */,
			);
			defaultConfigurationIsVisible = 0;
			defaultConfigurationName = Release;
		};
/* End XCConfigurationList section */
	};
	rootObject = 5230B575198A0A8D00C89926 /* Project object */;
}
